
Microsoft Visual Studio Solution File, Format Version 12.00
# Visual Studio Version 17
VisualStudioVersion = 17.13.35806.99
MinimumVisualStudioVersion = 10.0.40219.1
Project("{FAE04EC0-301F-11D3-BF4B-00C04F79EFBC}") = "editeur-graphique-winforms", "editeur-graphique-winforms.csproj", "{A9DE230E-4BF3-483C-AA82-13A2DF974006}"
EndProject
Global
	GlobalSection(SolutionConfigurationPlatforms) = preSolution
		Debug|Any CPU = Debug|Any CPU
		Release|Any CPU = Release|Any CPU
	EndGlobalSection
	GlobalSection(ProjectConfigurationPlatforms) = postSolution
		{A9DE230E-4BF3-483C-AA82-13A2DF974006}.Debug|Any CPU.ActiveCfg = Debug|Any CPU
		{A9DE230E-4BF3-483C-AA82-13A2DF974006}.Debug|Any CPU.Build.0 = Debug|Any CPU
		{A9DE230E-4BF3-483C-AA82-13A2DF974006}.Release|Any CPU.ActiveCfg = Release|Any CPU
		{A9DE230E-4BF3-483C-AA82-13A2DF974006}.Release|Any CPU.Build.0 = Release|Any CPU
	EndGlobalSection
	GlobalSection(SolutionProperties) = preSolution
		HideSolutionNode = FALSE
	EndGlobalSection
	GlobalSection(ExtensibilityGlobals) = postSolution
		SolutionGuid = {3292D444-16DA-4949-99E7-7013F9E9DEAE}
	EndGlobalSection
EndGlobal
